
Microsoft Visual Studio Solution File, Format Version 12.00
# Visual Studio Version 17
VisualStudioVersion = 17.4.33213.308
MinimumVisualStudioVersion = 10.0.40219.1
Project("{FAE04EC0-301F-11D3-BF4B-00C04F79EFBC}") = "COMP003A.LectureActivity1", "COMP003A.LectureActivity1\COMP003A.LectureActivity1.csproj", "{883B04C4-51B4-4114-9BAF-B5F0BDC4AFDC}"
EndProject
Global
	GlobalSection(SolutionConfigurationPlatforms) = preSolution
		Debug|Any CPU = Debug|Any CPU
		Release|Any CPU = Release|Any CPU
	EndGlobalSection
	GlobalSection(ProjectConfigurationPlatforms) = postSolution
		{883B04C4-51B4-4114-9BAF-B5F0BDC4AFDC}.Debug|Any CPU.ActiveCfg = Debug|Any CPU
		{883B04C4-51B4-4114-9BAF-B5F0BDC4AFDC}.Debug|Any CPU.Build.0 = Debug|Any CPU
		{883B04C4-51B4-4114-9BAF-B5F0BDC4AFDC}.Release|Any CPU.ActiveCfg = Release|Any CPU
		{883B04C4-51B4-4114-9BAF-B5F0BDC4AFDC}.Release|Any CPU.Build.0 = Release|Any CPU
	EndGlobalSection
	GlobalSection(SolutionProperties) = preSolution
		HideSolutionNode = FALSE
	EndGlobalSection
	GlobalSection(ExtensibilityGlobals) = postSolution
		SolutionGuid = {717BE6AF-8CCF-4A19-B59D-164D7CC5BB12}
	EndGlobalSection
EndGlobal
